
Microsoft Visual Studio Solution File, Format Version 12.00
# Visual Studio Version 16
VisualStudioVersion = 16.0.29806.167
MinimumVisualStudioVersion = 10.0.40219.1
Project("{FAE04EC0-301F-11D3-BF4B-00C04F79EFBC}") = "ComAroundConnect", "ComAroundConnect\ComAroundConnect.csproj", "{9F56E126-64B1-4391-90F5-CA3E68CFA415}"
EndProject
Global
	GlobalSection(SolutionConfigurationPlatforms) = preSolution
		Debug|Any CPU = Debug|Any CPU
		Release|Any CPU = Release|Any CPU
	EndGlobalSection
	GlobalSection(ProjectConfigurationPlatforms) = postSolution
		{9F56E126-64B1-4391-90F5-CA3E68CFA415}.Debug|Any CPU.ActiveCfg = Debug|Any CPU
		{9F56E126-64B1-4391-90F5-CA3E68CFA415}.Debug|Any CPU.Build.0 = Debug|Any CPU
		{9F56E126-64B1-4391-90F5-CA3E68CFA415}.Release|Any CPU.ActiveCfg = Release|Any CPU
		{9F56E126-64B1-4391-90F5-CA3E68CFA415}.Release|Any CPU.Build.0 = Release|Any CPU
	EndGlobalSection
	GlobalSection(SolutionProperties) = preSolution
		HideSolutionNode = FALSE
	EndGlobalSection
	GlobalSection(ExtensibilityGlobals) = postSolution
		SolutionGuid = {2769E776-4DBB-4E8F-8C4B-FFFCDA5B1738}
	EndGlobalSection
EndGlobal
